
Microsoft Visual Studio Solution File, Format Version 12.00
# Visual Studio Version 17
VisualStudioVersion = 17.5.002.0
MinimumVisualStudioVersion = 10.0.40219.1
Project("{9A19103F-16F7-4668-BE54-9A1E7A4F7556}") = "Task1", "Task1.csproj", "{B8E5532D-B4FC-402A-8682-E0AC9301302D}"
EndProject
Global
	GlobalSection(SolutionConfigurationPlatforms) = preSolution
		Debug|Any CPU = Debug|Any CPU
		Release|Any CPU = Release|Any CPU
	EndGlobalSection
	GlobalSection(ProjectConfigurationPlatforms) = postSolution
		{B8E5532D-B4FC-402A-8682-E0AC9301302D}.Debug|Any CPU.ActiveCfg = Debug|Any CPU
		{B8E5532D-B4FC-402A-8682-E0AC9301302D}.Debug|Any CPU.Build.0 = Debug|Any CPU
		{B8E5532D-B4FC-402A-8682-E0AC9301302D}.Release|Any CPU.ActiveCfg = Release|Any CPU
		{B8E5532D-B4FC-402A-8682-E0AC9301302D}.Release|Any CPU.Build.0 = Release|Any CPU
	EndGlobalSection
	GlobalSection(SolutionProperties) = preSolution
		HideSolutionNode = FALSE
	EndGlobalSection
	GlobalSection(ExtensibilityGlobals) = postSolution
		SolutionGuid = {09741162-BF0D-4D88-9385-BB2973F50365}
	EndGlobalSection
EndGlobal
